{
  "name": "stimulus",
  "version": "0.0.0",
  "lockfileVersion": 1,
  "requires": true,
  "dependencies": {
    "@angular/animations": {
      "version": "16.0.1",
      "resolved": "https://registry.npmjs.org/@angular/animations/-/animations-16.0.1.tgz",
      "integrity": "sha512-ziRq1hGJJuQqQUHqNpEMp9uy1pVutvL8oNvawblh32u4bnLsVQU5gMd6sTonn0x4sphEwMNnuEmp/q6QRIx+pA==",
      "requires": {
        "tslib": "^2.3.0"
      },
      "dependencies": {
        "tslib": {
          "version": "2.5.0",
          "resolved": "https://registry.npmjs.org/tslib/-/tslib-2.5.0.tgz",
          "integrity": "sha512-336iVw3rtn2BUK7ORdIAHTyxHGRIHVReokCR3XjbckJMK7ms8FysBfhLR8IXnAgy7T0PTPNBWKiH514FOW/WSg=="
        }
      }
    },
    "@angular/cdk": {
      "version": "16.0.1",
      "resolved": "https://registry.npmjs.org/@angular/cdk/-/cdk-16.0.1.tgz",
      "integrity": "sha512-GupYss6x84RWEoy3JTYu4Igr2SxHuV6whVKMScQG2/Gm+winOsOn7YWm0IZQuFnjSWIF2Va5B0Tp0IjFHWxTvA==",
      "requires": {
        "parse5": "^7.1.2",
        "tslib": "^2.3.0"
      },
      "dependencies": {
        "tslib": {
          "version": "2.5.0",
          "resolved": "https://registry.npmjs.org/tslib/-/tslib-2.5.0.tgz",
          "integrity": "sha512-336iVw3rtn2BUK7ORdIAHTyxHGRIHVReokCR3XjbckJMK7ms8FysBfhLR8IXnAgy7T0PTPNBWKiH514FOW/WSg=="
        }
      }
    },
    "@nebular/theme": {
      "version": "11.0.0",
      "resolved": "https://registry.npmjs.org/@nebular/theme/-/theme-11.0.0.tgz",
      "integrity": "sha512-3bwHe9e8MfrQSn0ksZe329gKtnH6aPhkDLZ7TCp+zBqTGvgJeuGP8QxkNtuTZt7EaSjYVp9w/alcQN6yROjVxQ==",
      "requires": {
        "tslib": "^2.3.0"
      },
      "dependencies": {
        "tslib": {
          "version": "2.5.0",
          "resolved": "https://registry.npmjs.org/tslib/-/tslib-2.5.0.tgz",
          "integrity": "sha512-336iVw3rtn2BUK7ORdIAHTyxHGRIHVReokCR3XjbckJMK7ms8FysBfhLR8IXnAgy7T0PTPNBWKiH514FOW/WSg=="
        }
      }
    },
    "@ng-select/ng-select": {
      "version": "11.0.0",
      "resolved": "https://registry.npmjs.org/@ng-select/ng-select/-/ng-select-11.0.0.tgz",
      "integrity": "sha512-zuqZ/9LVV4nxiOFWo0hWncTqDV2QcUcUqZyMa4kKZxJALRmPumo4+BXca1h1KY6SHYFJeINIriK93LApeMSwQQ==",
      "requires": {
        "tslib": "^2.3.1"
      },
      "dependencies": {
        "tslib": {
          "version": "2.5.2",
          "resolved": "https://registry.npmjs.org/tslib/-/tslib-2.5.2.tgz",
          "integrity": "sha512-5svOrSA2w3iGFDs1HibEVBGbDrAY82bFQ3HZ3ixB+88nsbsWQoKqDRb5UBYAUPEzbBn6dAp5gRNXglySbx1MlA=="
        }
      }
    },
    "entities": {
      "version": "4.5.0",
      "resolved": "https://registry.npmjs.org/entities/-/entities-4.5.0.tgz",
      "integrity": "sha512-V0hjH4dGPh9Ao5p0MoRY6BVqtwCjhz6vI5LT8AJ55H+4g9/4vbHx1I54fS0XuclLhDHArPQCiMjDxjaL8fPxhw==",
      "optional": true
    },
    "parse5": {
      "version": "7.1.2",
      "resolved": "https://registry.npmjs.org/parse5/-/parse5-7.1.2.tgz",
      "integrity": "sha512-Czj1WaSVpaoj0wbhMzLmWD69anp2WH7FXMB9n1Sy8/ZFF9jolSQVMu1Ij5WIyGmcBmhk7EOndpO4mIpihVqAXw==",
      "optional": true,
      "requires": {
        "entities": "^4.4.0"
      }
    }
  }
}
